
Microsoft Visual Studio Solution File, Format Version 12.00
# Visual Studio 15
VisualStudioVersion = 15.0.25807.0
MinimumVisualStudioVersion = 10.0.40219.1
Project("{2150E333-8FDC-42A3-9474-1A3956D46DE8}") = "Engine", "Engine", "{0D25968A-6D1A-454A-A8A0-DB2EB67E7C8F}"
EndProject
Project("{2150E333-8FDC-42A3-9474-1A3956D46DE8}") = "Games", "Games", "{E6A6E4C7-925C-4262-B622-2D3CE208ED8C}"
EndProject
Project("{8BC9CEB8-8B4A-11D0-8D11-00A0C91BC942}") = "UE4", "Intermediate\ProjectFiles\UE4.vcxproj", "{95E80AFD-3530-4F03-BEB8-0FAE0BF52ABF}"
EndProject
Project("{8BC9CEB8-8B4A-11D0-8D11-00A0C91BC942}") = "EscapeGame", "Intermediate\ProjectFiles\EscapeGame.vcxproj", "{EA8F16D2-5EA3-4AF2-9AEE-88EA0FC1C1B9}"
EndProject
Global
	GlobalSection(SolutionConfigurationPlatforms) = preSolution
		DebugGame Editor|Win32 = DebugGame Editor|Win32
		DebugGame Editor|Win64 = DebugGame Editor|Win64
		DebugGame|Win32 = DebugGame|Win32
		DebugGame|Win64 = DebugGame|Win64
		Development Editor|Win32 = Development Editor|Win32
		Development Editor|Win64 = Development Editor|Win64
		Development|Win32 = Development|Win32
		Development|Win64 = Development|Win64
		Shipping|Win32 = Shipping|Win32
		Shipping|Win64 = Shipping|Win64
	EndGlobalSection
	GlobalSection(ProjectConfigurationPlatforms) = postSolution
		{EA8F16D2-5EA3-4AF2-9AEE-88EA0FC1C1B9}.DebugGame Editor|Win32.ActiveCfg = DebugGame_Editor|Win32
		{EA8F16D2-5EA3-4AF2-9AEE-88EA0FC1C1B9}.DebugGame Editor|Win64.ActiveCfg = DebugGame_Editor|x64
		{EA8F16D2-5EA3-4AF2-9AEE-88EA0FC1C1B9}.DebugGame Editor|Win64.Build.0 = DebugGame_Editor|x64
		{EA8F16D2-5EA3-4AF2-9AEE-88EA0FC1C1B9}.DebugGame|Win32.ActiveCfg = DebugGame_Game|Win32
		{EA8F16D2-5EA3-4AF2-9AEE-88EA0FC1C1B9}.DebugGame|Win32.Build.0 = DebugGame_Game|Win32
		{EA8F16D2-5EA3-4AF2-9AEE-88EA0FC1C1B9}.DebugGame|Win64.ActiveCfg = DebugGame_Game|x64
		{EA8F16D2-5EA3-4AF2-9AEE-88EA0FC1C1B9}.DebugGame|Win64.Build.0 = DebugGame_Game|x64
		{EA8F16D2-5EA3-4AF2-9AEE-88EA0FC1C1B9}.Development Editor|Win32.ActiveCfg = Development_Editor|Win32
		{EA8F16D2-5EA3-4AF2-9AEE-88EA0FC1C1B9}.Development Editor|Win64.ActiveCfg = Development_Editor|x64
		{EA8F16D2-5EA3-4AF2-9AEE-88EA0FC1C1B9}.Development Editor|Win64.Build.0 = Development_Editor|x64
		{EA8F16D2-5EA3-4AF2-9AEE-88EA0FC1C1B9}.Development|Win32.ActiveCfg = Development_Game|Win32
		{EA8F16D2-5EA3-4AF2-9AEE-88EA0FC1C1B9}.Development|Win32.Build.0 = Development_Game|Win32
		{EA8F16D2-5EA3-4AF2-9AEE-88EA0FC1C1B9}.Development|Win64.ActiveCfg = Development_Game|x64
		{EA8F16D2-5EA3-4AF2-9AEE-88EA0FC1C1B9}.Development|Win64.Build.0 = Development_Game|x64
		{EA8F16D2-5EA3-4AF2-9AEE-88EA0FC1C1B9}.Shipping|Win32.ActiveCfg = Shipping_Game|Win32
		{EA8F16D2-5EA3-4AF2-9AEE-88EA0FC1C1B9}.Shipping|Win32.Build.0 = Shipping_Game|Win32
		{EA8F16D2-5EA3-4AF2-9AEE-88EA0FC1C1B9}.Shipping|Win64.ActiveCfg = Shipping_Game|x64
		{EA8F16D2-5EA3-4AF2-9AEE-88EA0FC1C1B9}.Shipping|Win64.Build.0 = Shipping_Game|x64
	EndGlobalSection
	GlobalSection(SolutionProperties) = preSolution
		HideSolutionNode = FALSE
	EndGlobalSection
	GlobalSection(NestedProjects) = preSolution
		{95E80AFD-3530-4F03-BEB8-0FAE0BF52ABF} = {0D25968A-6D1A-454A-A8A0-DB2EB67E7C8F}
		{EA8F16D2-5EA3-4AF2-9AEE-88EA0FC1C1B9} = {E6A6E4C7-925C-4262-B622-2D3CE208ED8C}
	EndGlobalSection
EndGlobal
