
Microsoft Visual Studio Solution File, Format Version 12.00
# Visual Studio 15
VisualStudioVersion = 15.0.25807.0
MinimumVisualStudioVersion = 10.0.40219.1
Project("{2150E333-8FDC-42A3-9474-1A3956D46DE8}") = "Engine", "Engine", "{EC5A8D3D-4122-4812-9F54-B748B1D79D05}"
EndProject
Project("{2150E333-8FDC-42A3-9474-1A3956D46DE8}") = "Games", "Games", "{F9627A55-0091-4C29-B88E-8992F4DD8268}"
EndProject
Project("{8BC9CEB8-8B4A-11D0-8D11-00A0C91BC942}") = "UE4", "Intermediate\ProjectFiles\UE4.vcxproj", "{74E196A9-8676-42DB-BBF6-BDAE59F4FD07}"
EndProject
Project("{8BC9CEB8-8B4A-11D0-8D11-00A0C91BC942}") = "EscapeGame", "Intermediate\ProjectFiles\EscapeGame.vcxproj", "{B7BB229C-DBA2-4151-9A9F-55029269ECFD}"
EndProject
Global
	GlobalSection(SolutionConfigurationPlatforms) = preSolution
		DebugGame Editor|Win32 = DebugGame Editor|Win32
		DebugGame Editor|Win64 = DebugGame Editor|Win64
		DebugGame|Win32 = DebugGame|Win32
		DebugGame|Win64 = DebugGame|Win64
		Development Editor|Win32 = Development Editor|Win32
		Development Editor|Win64 = Development Editor|Win64
		Development|Win32 = Development|Win32
		Development|Win64 = Development|Win64
		Shipping|Win32 = Shipping|Win32
		Shipping|Win64 = Shipping|Win64
	EndGlobalSection
	GlobalSection(ProjectConfigurationPlatforms) = postSolution
		{B7BB229C-DBA2-4151-9A9F-55029269ECFD}.DebugGame Editor|Win32.ActiveCfg = DebugGame_Editor|Win32
		{B7BB229C-DBA2-4151-9A9F-55029269ECFD}.DebugGame Editor|Win64.ActiveCfg = DebugGame_Editor|x64
		{B7BB229C-DBA2-4151-9A9F-55029269ECFD}.DebugGame Editor|Win64.Build.0 = DebugGame_Editor|x64
		{B7BB229C-DBA2-4151-9A9F-55029269ECFD}.DebugGame|Win32.ActiveCfg = DebugGame_Game|Win32
		{B7BB229C-DBA2-4151-9A9F-55029269ECFD}.DebugGame|Win32.Build.0 = DebugGame_Game|Win32
		{B7BB229C-DBA2-4151-9A9F-55029269ECFD}.DebugGame|Win64.ActiveCfg = DebugGame_Game|x64
		{B7BB229C-DBA2-4151-9A9F-55029269ECFD}.DebugGame|Win64.Build.0 = DebugGame_Game|x64
		{B7BB229C-DBA2-4151-9A9F-55029269ECFD}.Development Editor|Win32.ActiveCfg = Development_Editor|Win32
		{B7BB229C-DBA2-4151-9A9F-55029269ECFD}.Development Editor|Win64.ActiveCfg = Development_Editor|x64
		{B7BB229C-DBA2-4151-9A9F-55029269ECFD}.Development Editor|Win64.Build.0 = Development_Editor|x64
		{B7BB229C-DBA2-4151-9A9F-55029269ECFD}.Development|Win32.ActiveCfg = Development_Game|Win32
		{B7BB229C-DBA2-4151-9A9F-55029269ECFD}.Development|Win32.Build.0 = Development_Game|Win32
		{B7BB229C-DBA2-4151-9A9F-55029269ECFD}.Development|Win64.ActiveCfg = Development_Game|x64
		{B7BB229C-DBA2-4151-9A9F-55029269ECFD}.Development|Win64.Build.0 = Development_Game|x64
		{B7BB229C-DBA2-4151-9A9F-55029269ECFD}.Shipping|Win32.ActiveCfg = Shipping_Game|Win32
		{B7BB229C-DBA2-4151-9A9F-55029269ECFD}.Shipping|Win32.Build.0 = Shipping_Game|Win32
		{B7BB229C-DBA2-4151-9A9F-55029269ECFD}.Shipping|Win64.ActiveCfg = Shipping_Game|x64
		{B7BB229C-DBA2-4151-9A9F-55029269ECFD}.Shipping|Win64.Build.0 = Shipping_Game|x64
	EndGlobalSection
	GlobalSection(SolutionProperties) = preSolution
		HideSolutionNode = FALSE
	EndGlobalSection
	GlobalSection(NestedProjects) = preSolution
		{74E196A9-8676-42DB-BBF6-BDAE59F4FD07} = {EC5A8D3D-4122-4812-9F54-B748B1D79D05}
		{B7BB229C-DBA2-4151-9A9F-55029269ECFD} = {F9627A55-0091-4C29-B88E-8992F4DD8268}
	EndGlobalSection
EndGlobal
